{
  "name": "examples",
  "version": "1.0.0",
  "lockfileVersion": 3,
  "requires": true,
  "packages": {
    "": {
      "name": "examples",
      "version": "1.0.0",
      "license": "AGPL-version-3.0",
      "dependencies": {
        "dotenv": "^16.4.7",
        "nillion-sv-wrappers": "../"
      },
      "engines": {
        "node": ">= 14.0.0",
        "npm": ">= 6.0.0"
      }
    },
    "..": {
      "version": "1.0.6",
      "license": "MIT",
      "dependencies": {
        "@nillion/nilql": "^0.0.0-alpha.8",
        "did-jwt": "^8.0.6",
        "dotenv": "^16.4.7",
        "uuid": "^11.0.5"
      }
    },
    "../../index.js": {
      "extraneous": true
    },
    "../index.js": {
      "extraneous": true
    },
    "node_modules/dotenv": {
      "version": "16.4.7",
      "resolved": "https://registry.npmjs.org/dotenv/-/dotenv-16.4.7.tgz",
      "integrity": "sha512-47qPchRCykZC03FhkYAhrvwU4xDBFIj1QPqaarj6mdM/hgUzfPHcpkHJOn3mJAufFeeAxAzeGsr5X0M4k6fLZQ==",
      "engines": {
        "node": ">=12"
      },
      "funding": {
        "url": "https://dotenvx.com"
      }
    },
    "node_modules/nillion-sv-wrappers": {
      "resolved": "..",
      "link": true
    }
  }
}
